
Microsoft Visual Studio Solution File, Format Version 12.00
# Visual Studio Version 17
VisualStudioVersion = 17.11.35222.181
MinimumVisualStudioVersion = 10.0.40219.1
Project("{FAE04EC0-301F-11D3-BF4B-00C04F79EFBC}") = "DatabaseEngine DEPI Project", "DatabaseEngine DEPI Project.csproj", "{041FF457-4650-44B4-AAE8-2DB520BF3EB1}"
EndProject
Global
	GlobalSection(SolutionConfigurationPlatforms) = preSolution
		Debug|Any CPU = Debug|Any CPU
		Release|Any CPU = Release|Any CPU
	EndGlobalSection
	GlobalSection(ProjectConfigurationPlatforms) = postSolution
		{041FF457-4650-44B4-AAE8-2DB520BF3EB1}.Debug|Any CPU.ActiveCfg = Debug|Any CPU
		{041FF457-4650-44B4-AAE8-2DB520BF3EB1}.Debug|Any CPU.Build.0 = Debug|Any CPU
		{041FF457-4650-44B4-AAE8-2DB520BF3EB1}.Release|Any CPU.ActiveCfg = Release|Any CPU
		{041FF457-4650-44B4-AAE8-2DB520BF3EB1}.Release|Any CPU.Build.0 = Release|Any CPU
	EndGlobalSection
	GlobalSection(SolutionProperties) = preSolution
		HideSolutionNode = FALSE
	EndGlobalSection
	GlobalSection(ExtensibilityGlobals) = postSolution
		SolutionGuid = {7C44027E-3E42-443F-B55D-8B6964E83F02}
	EndGlobalSection
EndGlobal
